
Microsoft Visual Studio Solution File, Format Version 12.00
# Visual Studio Version 16
VisualStudioVersion = 16.0.31624.102
MinimumVisualStudioVersion = 10.0.40219.1
Project("{FAE04EC0-301F-11D3-BF4B-00C04F79EFBC}") = "InspectorCaymanSUpdater", "InspectorCaymanSUpdater\InspectorCaymanSUpdater.csproj", "{DB7A6611-49EC-41BD-8826-344040300332}"
EndProject
Global
	GlobalSection(SolutionConfigurationPlatforms) = preSolution
		Debug|Any CPU = Debug|Any CPU
		Release|Any CPU = Release|Any CPU
	EndGlobalSection
	GlobalSection(ProjectConfigurationPlatforms) = postSolution
		{DB7A6611-49EC-41BD-8826-344040300332}.Debug|Any CPU.ActiveCfg = Debug|Any CPU
		{DB7A6611-49EC-41BD-8826-344040300332}.Debug|Any CPU.Build.0 = Debug|Any CPU
		{DB7A6611-49EC-41BD-8826-344040300332}.Release|Any CPU.ActiveCfg = Release|Any CPU
		{DB7A6611-49EC-41BD-8826-344040300332}.Release|Any CPU.Build.0 = Release|Any CPU
	EndGlobalSection
	GlobalSection(SolutionProperties) = preSolution
		HideSolutionNode = FALSE
	EndGlobalSection
	GlobalSection(ExtensibilityGlobals) = postSolution
		SolutionGuid = {37133081-6A60-41AF-9CBF-870B86426306}
	EndGlobalSection
EndGlobal
